
Microsoft Visual Studio Solution File, Format Version 12.00
# Visual Studio 15
VisualStudioVersion = 15.0.27004.2009
MinimumVisualStudioVersion = 10.0.40219.1
Project("{2150E333-8FDC-42A3-9474-1A3956D46DE8}") = "src", "src", "{BEABB88A-04E2-476D-89ED-657DD80A7132}"
EndProject
Project("{2150E333-8FDC-42A3-9474-1A3956D46DE8}") = "Solution Items", "Solution Items", "{6437C28D-E493-4A35-8057-043F1C6129A5}"
EndProject
Project("{9A19103F-16F7-4668-BE54-9A1E7A4F7556}") = "BorBaNetCore", "src\BorBaNetCore\BorBaNetCore.csproj", "{D2A7935C-0912-417C-B724-E12368B32B55}"
EndProject
Project("{FAE04EC0-301F-11D3-BF4B-00C04F79EFBC}") = "BorbaUnitTest", "BorbaUnitTest\BorbaUnitTest.csproj", "{AB96BF2E-02DD-4FDD-B406-2A842872DC83}"
EndProject
Global
	GlobalSection(SolutionConfigurationPlatforms) = preSolution
		Debug|Any CPU = Debug|Any CPU
		Debug|x86 = Debug|x86
		Release|Any CPU = Release|Any CPU
		Release|x86 = Release|x86
		SqlCe|Any CPU = SqlCe|Any CPU
		SqlCe|x86 = SqlCe|x86
	EndGlobalSection
	GlobalSection(ProjectConfigurationPlatforms) = postSolution
		{D2A7935C-0912-417C-B724-E12368B32B55}.Debug|Any CPU.ActiveCfg = Debug|Any CPU
		{D2A7935C-0912-417C-B724-E12368B32B55}.Debug|Any CPU.Build.0 = Debug|Any CPU
		{D2A7935C-0912-417C-B724-E12368B32B55}.Debug|x86.ActiveCfg = Debug|Any CPU
		{D2A7935C-0912-417C-B724-E12368B32B55}.Debug|x86.Build.0 = Debug|Any CPU
		{D2A7935C-0912-417C-B724-E12368B32B55}.Release|Any CPU.ActiveCfg = Release|Any CPU
		{D2A7935C-0912-417C-B724-E12368B32B55}.Release|Any CPU.Build.0 = Release|Any CPU
		{D2A7935C-0912-417C-B724-E12368B32B55}.Release|x86.ActiveCfg = Release|Any CPU
		{D2A7935C-0912-417C-B724-E12368B32B55}.Release|x86.Build.0 = Release|Any CPU
		{D2A7935C-0912-417C-B724-E12368B32B55}.SqlCe|Any CPU.ActiveCfg = Release|Any CPU
		{D2A7935C-0912-417C-B724-E12368B32B55}.SqlCe|Any CPU.Build.0 = Release|Any CPU
		{D2A7935C-0912-417C-B724-E12368B32B55}.SqlCe|x86.ActiveCfg = Release|Any CPU
		{D2A7935C-0912-417C-B724-E12368B32B55}.SqlCe|x86.Build.0 = Release|Any CPU
		{AB96BF2E-02DD-4FDD-B406-2A842872DC83}.Debug|Any CPU.ActiveCfg = Debug|Any CPU
		{AB96BF2E-02DD-4FDD-B406-2A842872DC83}.Debug|Any CPU.Build.0 = Debug|Any CPU
		{AB96BF2E-02DD-4FDD-B406-2A842872DC83}.Debug|x86.ActiveCfg = Debug|Any CPU
		{AB96BF2E-02DD-4FDD-B406-2A842872DC83}.Debug|x86.Build.0 = Debug|Any CPU
		{AB96BF2E-02DD-4FDD-B406-2A842872DC83}.Release|Any CPU.ActiveCfg = Release|Any CPU
		{AB96BF2E-02DD-4FDD-B406-2A842872DC83}.Release|Any CPU.Build.0 = Release|Any CPU
		{AB96BF2E-02DD-4FDD-B406-2A842872DC83}.Release|x86.ActiveCfg = Release|Any CPU
		{AB96BF2E-02DD-4FDD-B406-2A842872DC83}.Release|x86.Build.0 = Release|Any CPU
		{AB96BF2E-02DD-4FDD-B406-2A842872DC83}.SqlCe|Any CPU.ActiveCfg = Release|Any CPU
		{AB96BF2E-02DD-4FDD-B406-2A842872DC83}.SqlCe|Any CPU.Build.0 = Release|Any CPU
		{AB96BF2E-02DD-4FDD-B406-2A842872DC83}.SqlCe|x86.ActiveCfg = Release|Any CPU
		{AB96BF2E-02DD-4FDD-B406-2A842872DC83}.SqlCe|x86.Build.0 = Release|Any CPU
	EndGlobalSection
	GlobalSection(SolutionProperties) = preSolution
		HideSolutionNode = FALSE
	EndGlobalSection
	GlobalSection(NestedProjects) = preSolution
		{D2A7935C-0912-417C-B724-E12368B32B55} = {BEABB88A-04E2-476D-89ED-657DD80A7132}
	EndGlobalSection
	GlobalSection(ExtensibilityGlobals) = postSolution
		SolutionGuid = {2AEE5C43-30B1-4B6D-95D8-1CA05D30400E}
		VisualSVNWorkingCopyRoot = .
	EndGlobalSection
EndGlobal
